// !$*UTF8*$!
{
	archiveVersion = 1;
	classes = {
	};
	objectVersion = 46;
	objects = {

/* Begin PBXBuildFile section */
		62D50D721E7D04DF002B88BA /* AppDelegate.swift in Sources */ = {isa = PBXBuildFile; fileRef = 62D50D711E7D04DF002B88BA /* AppDelegate.swift */; };
		62D50D741E7D04DF002B88BA /* ViewController.swift in Sources */ = {isa = PBXBuildFile; fileRef = 62D50D731E7D04DF002B88BA /* ViewController.swift */; };
		62D50D771E7D04DF002B88BA /* Main.storyboard in Resources */ = {isa = PBXBuildFile; fileRef = 62D50D751E7D04DF002B88BA /* Main.storyboard */; };
		62D50D791E7D04DF002B88BA /* Assets.xcassets in Resources */ = {isa = PBXBuildFile; fileRef = 62D50D781E7D04DF002B88BA /* Assets.xcassets */; };
		62D50D7C1E7D04DF002B88BA /* LaunchScreen.storyboard in Resources */ = {isa = PBXBuildFile; fileRef = 62D50D7A1E7D04DF002B88BA /* LaunchScreen.storyboard */; };
		62D50D841E7D0E97002B88BA /* pokemon.csv in Resources */ = {isa = PBXBuildFile; fileRef = 62D50D831E7D0E97002B88BA /* pokemon.csv */; };
		62D50D891E7D10E9002B88BA /* Pokemon.swift in Sources */ = {isa = PBXBuildFile; fileRef = 62D50D881E7D10E9002B88BA /* Pokemon.swift */; };
		62D50D8B1E7D2168002B88BA /* PokeCell.swift in Sources */ = {isa = PBXBuildFile; fileRef = 62D50D8A1E7D2168002B88BA /* PokeCell.swift */; };
		62D50D8D1E7DF495002B88BA /* csv.swift in Sources */ = {isa = PBXBuildFile; fileRef = 62D50D8C1E7DF495002B88BA /* csv.swift */; };
		62D50D8F1E7DF86D002B88BA /* Pokemon Solid.ttf in Resources */ = {isa = PBXBuildFile; fileRef = 62D50D8E1E7DF86D002B88BA /* Pokemon Solid.ttf */; };
		62D50D931E7DF9CA002B88BA /* music.mp3 in Resources */ = {isa = PBXBuildFile; fileRef = 62D50D921E7DF9CA002B88BA /* music.mp3 */; };
		62D50D951E7E0A4F002B88BA /* PokemonDetailVC.swift in Sources */ = {isa = PBXBuildFile; fileRef = 62D50D941E7E0A4E002B88BA /* PokemonDetailVC.swift */; };
		62D50D971E7E22DE002B88BA /* Constants.swift in Sources */ = {isa = PBXBuildFile; fileRef = 62D50D961E7E22DE002B88BA /* Constants.swift */; };
		717B07B7579660659395B183 /* Pods_pokedex3.framework in Frameworks */ = {isa = PBXBuildFile; fileRef = 8455C415C861E0841C7CCBEC /* Pods_pokedex3.framework */; };
/* End PBXBuildFile section */

/* Begin PBXFileReference section */
		62D50D6E1E7D04DF002B88BA /* pokedex3.app */ = {isa = PBXFileReference; explicitFileType = wrapper.application; includeInIndex = 0; path = pokedex3.app; sourceTree = BUILT_PRODUCTS_DIR; };
		62D50D711E7D04DF002B88BA /* AppDelegate.swift */ = {isa = PBXFileReference; lastKnownFileType = sourcecode.swift; path = AppDelegate.swift; sourceTree = "<group>"; };
		62D50D731E7D04DF002B88BA /* ViewController.swift */ = {isa = PBXFileReference; lastKnownFileType = sourcecode.swift; path = ViewController.swift; sourceTree = "<group>"; };
		62D50D761E7D04DF002B88BA /* Base */ = {isa = PBXFileReference; lastKnownFileType = file.storyboard; name = Base; path = Base.lproj/Main.storyboard; sourceTree = "<group>"; };
		62D50D781E7D04DF002B88BA /* Assets.xcassets */ = {isa = PBXFileReference; lastKnownFileType = folder.assetcatalog; path = Assets.xcassets; sourceTree = "<group>"; };
		62D50D7B1E7D04DF002B88BA /* Base */ = {isa = PBXFileReference; lastKnownFileType = file.storyboard; name = Base; path = Base.lproj/LaunchScreen.storyboard; sourceTree = "<group>"; };
		62D50D7D1E7D04DF002B88BA /* Info.plist */ = {isa = PBXFileReference; lastKnownFileType = text.plist.xml; path = Info.plist; sourceTree = "<group>"; };
		62D50D831E7D0E97002B88BA /* pokemon.csv */ = {isa = PBXFileReference; fileEncoding = 4; lastKnownFileType = text; path = pokemon.csv; sourceTree = "<group>"; };
		62D50D881E7D10E9002B88BA /* Pokemon.swift */ = {isa = PBXFileReference; fileEncoding = 4; lastKnownFileType = sourcecode.swift; path = Pokemon.swift; sourceTree = "<group>"; };
		62D50D8A1E7D2168002B88BA /* PokeCell.swift */ = {isa = PBXFileReference; fileEncoding = 4; lastKnownFileType = sourcecode.swift; path = PokeCell.swift; sourceTree = "<group>"; };
		62D50D8C1E7DF495002B88BA /* csv.swift */ = {isa = PBXFileReference; fileEncoding = 4; lastKnownFileType = sourcecode.swift; path = csv.swift; sourceTree = "<group>"; };
		62D50D8E1E7DF86D002B88BA /* Pokemon Solid.ttf */ = {isa = PBXFileReference; lastKnownFileType = file; path = "Pokemon Solid.ttf"; sourceTree = "<group>"; };
		62D50D921E7DF9CA002B88BA /* music.mp3 */ = {isa = PBXFileReference; lastKnownFileType = audio.mp3; path = music.mp3; sourceTree = "<group>"; };
		62D50D941E7E0A4E002B88BA /* PokemonDetailVC.swift */ = {isa = PBXFileReference; fileEncoding = 4; lastKnownFileType = sourcecode.swift; path = PokemonDetailVC.swift; sourceTree = "<group>"; };
		62D50D961E7E22DE002B88BA /* Constants.swift */ = {isa = PBXFileReference; fileEncoding = 4; lastKnownFileType = sourcecode.swift; path = Constants.swift; sourceTree = "<group>"; };
		8455C415C861E0841C7CCBEC /* Pods_pokedex3.framework */ = {isa = PBXFileReference; explicitFileType = wrapper.framework; includeInIndex = 0; path = Pods_pokedex3.framework; sourceTree = BUILT_PRODUCTS_DIR; };
		C615B89E05262E4D78E446AA /* Pods-pokedex3.debug.xcconfig */ = {isa = PBXFileReference; includeInIndex = 1; lastKnownFileType = text.xcconfig; name = "Pods-pokedex3.debug.xcconfig"; path = "Pods/Target Support Files/Pods-pokedex3/Pods-pokedex3.debug.xcconfig"; sourceTree = "<group>"; };
		DAF8146AF7B1C9E4BC5F0BA3 /* Pods-pokedex3.release.xcconfig */ = {isa = PBXFileReference; includeInIndex = 1; lastKnownFileType = text.xcconfig; name = "Pods-pokedex3.release.xcconfig"; path = "Pods/Target Support Files/Pods-pokedex3/Pods-pokedex3.release.xcconfig"; sourceTree = "<group>"; };
/* End PBXFileReference section */

/* Begin PBXFrameworksBuildPhase section */
		62D50D6B1E7D04DF002B88BA /* Frameworks */ = {
			isa = PBXFrameworksBuildPhase;
			buildActionMask = 2147483647;
			files = (
				717B07B7579660659395B183 /* Pods_pokedex3.framework in Frameworks */,
			);
			runOnlyForDeploymentPostprocessing = 0;
		};
/* End PBXFrameworksBuildPhase section */

/* Begin PBXGroup section */
		62D50D651E7D04DE002B88BA = {
			isa = PBXGroup;
			children = (
				62D50D701E7D04DF002B88BA /* pokedex3 */,
				62D50D6F1E7D04DF002B88BA /* Products */,
				6557C3BF453A5FC30AE31F81 /* Pods */,
				BA7CF83703779AA163E32C51 /* Frameworks */,
			);
			sourceTree = "<group>";
		};
		62D50D6F1E7D04DF002B88BA /* Products */ = {
			isa = PBXGroup;
			children = (
				62D50D6E1E7D04DF002B88BA /* pokedex3.app */,
			);
			name = Products;
			sourceTree = "<group>";
		};
		62D50D701E7D04DF002B88BA /* pokedex3 */ = {
			isa = PBXGroup;
			children = (
				62D50D871E7D10D0002B88BA /* Model */,
				62D50D861E7D10CA002B88BA /* View */,
				62D50D851E7D10C0002B88BA /* Controller */,
				62D50D901E7DF87E002B88BA /* Resources */,
				62D50D911E7DF8A0002B88BA /* Util */,
				62D50D711E7D04DF002B88BA /* AppDelegate.swift */,
				62D50D751E7D04DF002B88BA /* Main.storyboard */,
				62D50D781E7D04DF002B88BA /* Assets.xcassets */,
				62D50D7A1E7D04DF002B88BA /* LaunchScreen.storyboard */,
				62D50D7D1E7D04DF002B88BA /* Info.plist */,
			);
			path = pokedex3;
			sourceTree = "<group>";
		};
		62D50D851E7D10C0002B88BA /* Controller */ = {
			isa = PBXGroup;
			children = (
				62D50D731E7D04DF002B88BA /* ViewController.swift */,
				62D50D941E7E0A4E002B88BA /* PokemonDetailVC.swift */,
			);
			name = Controller;
			sourceTree = "<group>";
		};
		62D50D861E7D10CA002B88BA /* View */ = {
			isa = PBXGroup;
			children = (
				62D50D8A1E7D2168002B88BA /* PokeCell.swift */,
			);
			name = View;
			sourceTree = "<group>";
		};
		62D50D871E7D10D0002B88BA /* Model */ = {
			isa = PBXGroup;
			children = (
				62D50D881E7D10E9002B88BA /* Pokemon.swift */,
			);
			name = Model;
			sourceTree = "<group>";
		};
		62D50D901E7DF87E002B88BA /* Resources */ = {
			isa = PBXGroup;
			children = (
				62D50D8E1E7DF86D002B88BA /* Pokemon Solid.ttf */,
				62D50D831E7D0E97002B88BA /* pokemon.csv */,
				62D50D921E7DF9CA002B88BA /* music.mp3 */,
			);
			name = Resources;
			sourceTree = "<group>";
		};
		62D50D911E7DF8A0002B88BA /* Util */ = {
			isa = PBXGroup;
			children = (
				62D50D8C1E7DF495002B88BA /* csv.swift */,
				62D50D961E7E22DE002B88BA /* Constants.swift */,
			);
			name = Util;
			sourceTree = "<group>";
		};
		6557C3BF453A5FC30AE31F81 /* Pods */ = {
			isa = PBXGroup;
			children = (
				C615B89E05262E4D78E446AA /* Pods-pokedex3.debug.xcconfig */,
				DAF8146AF7B1C9E4BC5F0BA3 /* Pods-pokedex3.release.xcconfig */,
			);
			name = Pods;
			sourceTree = "<group>";
		};
		BA7CF83703779AA163E32C51 /* Frameworks */ = {
			isa = PBXGroup;
			children = (
				8455C415C861E0841C7CCBEC /* Pods_pokedex3.framework */,
			);
			name = Frameworks;
			sourceTree = "<group>";
		};
/* End PBXGroup section */

/* Begin PBXNativeTarget section */
		62D50D6D1E7D04DF002B88BA /* pokedex3 */ = {
			isa = PBXNativeTarget;
			buildConfigurationList = 62D50D801E7D04DF002B88BA /* Build configuration list for PBXNativeTarget "pokedex3" */;
			buildPhases = (
				51313CF5DD5A35804C4544E6 /* [CP] Check Pods Manifest.lock */,
				62D50D6A1E7D04DF002B88BA /* Sources */,
				62D50D6B1E7D04DF002B88BA /* Frameworks */,
				62D50D6C1E7D04DF002B88BA /* Resources */,
				017500DDB74474C5D666AE7A /* [CP] Embed Pods Frameworks */,
				E39C46F02AB6AA17D8F7F845 /* [CP] Copy Pods Resources */,
			);
			buildRules = (
			);
			dependencies = (
			);
			name = pokedex3;
			productName = pokedex3;
			productReference = 62D50D6E1E7D04DF002B88BA /* pokedex3.app */;
			productType = "com.apple.product-type.application";
		};
/* End PBXNativeTarget section */

/* Begin PBXProject section */
		62D50D661E7D04DE002B88BA /* Project object */ = {
			isa = PBXProject;
			attributes = {
				LastSwiftUpdateCheck = 0820;
				LastUpgradeCheck = 0820;
				ORGANIZATIONNAME = "Affinity for Apps";
				TargetAttributes = {
					62D50D6D1E7D04DF002B88BA = {
						CreatedOnToolsVersion = 8.2.1;
						DevelopmentTeam = 5ZR8E9ADDM;
						LastSwiftMigration = 0820;
						ProvisioningStyle = Automatic;
					};
				};
			};
			buildConfigurationList = 62D50D691E7D04DE002B88BA /* Build configuration list for PBXProject "pokedex3" */;
			compatibilityVersion = "Xcode 3.2";
			developmentRegion = English;
			hasScannedForEncodings = 0;
			knownRegions = (
				en,
				Base,
			);
			mainGroup = 62D50D651E7D04DE002B88BA;
			productRefGroup = 62D50D6F1E7D04DF002B88BA /* Products */;
			projectDirPath = "";
			projectRoot = "";
			targets = (
				62D50D6D1E7D04DF002B88BA /* pokedex3 */,
			);
		};
/* End PBXProject section */

/* Begin PBXResourcesBuildPhase section */
		62D50D6C1E7D04DF002B88BA /* Resources */ = {
			isa = PBXResourcesBuildPhase;
			buildActionMask = 2147483647;
			files = (
				62D50D8F1E7DF86D002B88BA /* Pokemon Solid.ttf in Resources */,
				62D50D7C1E7D04DF002B88BA /* LaunchScreen.storyboard in Resources */,
				62D50D931E7DF9CA002B88BA /* music.mp3 in Resources */,
				62D50D791E7D04DF002B88BA /* Assets.xcassets in Resources */,
				62D50D841E7D0E97002B88BA /* pokemon.csv in Resources */,
				62D50D771E7D04DF002B88BA /* Main.storyboard in Resources */,
			);
			runOnlyForDeploymentPostprocessing = 0;
		};
/* End PBXResourcesBuildPhase section */

/* Begin PBXShellScriptBuildPhase section */
		017500DDB74474C5D666AE7A /* [CP] Embed Pods Frameworks */ = {
			isa = PBXShellScriptBuildPhase;
			buildActionMask = 2147483647;
			files = (
			);
			inputPaths = (
			);
			name = "[CP] Embed Pods Frameworks";
			outputPaths = (
			);
			runOnlyForDeploymentPostprocessing = 0;
			shellPath = /bin/sh;
			shellScript = "\"${SRCROOT}/Pods/Target Support Files/Pods-pokedex3/Pods-pokedex3-frameworks.sh\"\n";
			showEnvVarsInLog = 0;
		};
		51313CF5DD5A35804C4544E6 /* [CP] Check Pods Manifest.lock */ = {
			isa = PBXShellScriptBuildPhase;
			buildActionMask = 2147483647;
			files = (
			);
			inputPaths = (
			);
			name = "[CP] Check Pods Manifest.lock";
			outputPaths = (
			);
			runOnlyForDeploymentPostprocessing = 0;
			shellPath = /bin/sh;
			shellScript = "diff \"${PODS_ROOT}/../Podfile.lock\" \"${PODS_ROOT}/Manifest.lock\" > /dev/null\nif [ $? != 0 ] ; then\n    # print error to STDERR\n    echo \"error: The sandbox is not in sync with the Podfile.lock. Run 'pod install' or update your CocoaPods installation.\" >&2\n    exit 1\nfi\n";
			showEnvVarsInLog = 0;
		};
		E39C46F02AB6AA17D8F7F845 /* [CP] Copy Pods Resources */ = {
			isa = PBXShellScriptBuildPhase;
			buildActionMask = 2147483647;
			files = (
			);
			inputPaths = (
			);
			name = "[CP] Copy Pods Resources";
			outputPaths = (
			);
			runOnlyForDeploymentPostprocessing = 0;
			shellPath = /bin/sh;
			shellScript = "\"${SRCROOT}/Pods/Target Support Files/Pods-pokedex3/Pods-pokedex3-resources.sh\"\n";
			showEnvVarsInLog = 0;
		};
/* End PBXShellScriptBuildPhase section */

/* Begin PBXSourcesBuildPhase section */
		62D50D6A1E7D04DF002B88BA /* Sources */ = {
			isa = PBXSourcesBuildPhase;
			buildActionMask = 2147483647;
			files = (
				62D50D8B1E7D2168002B88BA /* PokeCell.swift in Sources */,
				62D50D741E7D04DF002B88BA /* ViewController.swift in Sources */,
				62D50D721E7D04DF002B88BA /* AppDelegate.swift in Sources */,
				62D50D951E7E0A4F002B88BA /* PokemonDetailVC.swift in Sources */,
				62D50D971E7E22DE002B88BA /* Constants.swift in Sources */,
				62D50D891E7D10E9002B88BA /* Pokemon.swift in Sources */,
				62D50D8D1E7DF495002B88BA /* csv.swift in Sources */,
			);
			runOnlyForDeploymentPostprocessing = 0;
		};
/* End PBXSourcesBuildPhase section */

/* Begin PBXVariantGroup section */
		62D50D751E7D04DF002B88BA /* Main.storyboard */ = {
			isa = PBXVariantGroup;
			children = (
				62D50D761E7D04DF002B88BA /* Base */,
			);
			name = Main.storyboard;
			sourceTree = "<group>";
		};
		62D50D7A1E7D04DF002B88BA /* LaunchScreen.storyboard */ = {
			isa = PBXVariantGroup;
			children = (
				62D50D7B1E7D04DF002B88BA /* Base */,
			);
			name = LaunchScreen.storyboard;
			sourceTree = "<group>";
		};
/* End PBXVariantGroup section */

/* Begin XCBuildConfiguration section */
		62D50D7E1E7D04DF002B88BA /* Debug */ = {
			isa = XCBuildConfiguration;
			buildSettings = {
				ALWAYS_SEARCH_USER_PATHS = NO;
				CLANG_ANALYZER_NONNULL = YES;
				CLANG_CXX_LANGUAGE_STANDARD = "gnu++0x";
				CLANG_CXX_LIBRARY = "libc++";
				CLANG_ENABLE_MODULES = YES;
				CLANG_ENABLE_OBJC_ARC = YES;
				CLANG_WARN_BOOL_CONVERSION = YES;
				CLANG_WARN_CONSTANT_CONVERSION = YES;
				CLANG_WARN_DIRECT_OBJC_ISA_USAGE = YES_ERROR;
				CLANG_WARN_DOCUMENTATION_COMMENTS = YES;
				CLANG_WARN_EMPTY_BODY = YES;
				CLANG_WARN_ENUM_CONVERSION = YES;
				CLANG_WARN_INFINITE_RECURSION = YES;
				CLANG_WARN_INT_CONVERSION = YES;
				CLANG_WARN_OBJC_ROOT_CLASS = YES_ERROR;
				CLANG_WARN_SUSPICIOUS_MOVE = YES;
				CLANG_WARN_UNREACHABLE_CODE = YES;
				CLANG_WARN__DUPLICATE_METHOD_MATCH = YES;
				"CODE_SIGN_IDENTITY[sdk=iphoneos*]" = "iPhone Developer";
				COPY_PHASE_STRIP = NO;
				DEBUG_INFORMATION_FORMAT = dwarf;
				ENABLE_STRICT_OBJC_MSGSEND = YES;
				ENABLE_TESTABILITY = YES;
				GCC_C_LANGUAGE_STANDARD = gnu99;
				GCC_DYNAMIC_NO_PIC = NO;
				GCC_NO_COMMON_BLOCKS = YES;
				GCC_OPTIMIZATION_LEVEL = 0;
				GCC_PREPROCESSOR_DEFINITIONS = (
					"DEBUG=1",
					"$(inherited)",
				);
				GCC_WARN_64_TO_32_BIT_CONVERSION = YES;
				GCC_WARN_ABOUT_RETURN_TYPE = YES_ERROR;
				GCC_WARN_UNDECLARED_SELECTOR = YES;
				GCC_WARN_UNINITIALIZED_AUTOS = YES_AGGRESSIVE;
				GCC_WARN_UNUSED_FUNCTION = YES;
				GCC_WARN_UNUSED_VARIABLE = YES;
				IPHONEOS_DEPLOYMENT_TARGET = 10.2;
				MTL_ENABLE_DEBUG_INFO = YES;
				ONLY_ACTIVE_ARCH = YES;
				SDKROOT = iphoneos;
				SWIFT_ACTIVE_COMPILATION_CONDITIONS = DEBUG;
				SWIFT_OPTIMIZATION_LEVEL = "-Onone";
			};
			name = Debug;
		};
		62D50D7F1E7D04DF002B88BA /* Release */ = {
			isa = XCBuildConfiguration;
			buildSettings = {
				ALWAYS_SEARCH_USER_PATHS = NO;
				CLANG_ANALYZER_NONNULL = YES;
				CLANG_CXX_LANGUAGE_STANDARD = "gnu++0x";
				CLANG_CXX_LIBRARY = "libc++";
				CLANG_ENABLE_MODULES = YES;
				CLANG_ENABLE_OBJC_ARC = YES;
				CLANG_WARN_BOOL_CONVERSION = YES;
				CLANG_WARN_CONSTANT_CONVERSION = YES;
				CLANG_WARN_DIRECT_OBJC_ISA_USAGE = YES_ERROR;
				CLANG_WARN_DOCUMENTATION_COMMENTS = YES;
				CLANG_WARN_EMPTY_BODY = YES;
				CLANG_WARN_ENUM_CONVERSION = YES;
				CLANG_WARN_INFINITE_RECURSION = YES;
				CLANG_WARN_INT_CONVERSION = YES;
				CLANG_WARN_OBJC_ROOT_CLASS = YES_ERROR;
				CLANG_WARN_SUSPICIOUS_MOVE = YES;
				CLANG_WARN_UNREACHABLE_CODE = YES;
				CLANG_WARN__DUPLICATE_METHOD_MATCH = YES;
				"CODE_SIGN_IDENTITY[sdk=iphoneos*]" = "iPhone Developer";
				COPY_PHASE_STRIP = NO;
				DEBUG_INFORMATION_FORMAT = "dwarf-with-dsym";
				ENABLE_NS_ASSERTIONS = NO;
				ENABLE_STRICT_OBJC_MSGSEND = YES;
				GCC_C_LANGUAGE_STANDARD = gnu99;
				GCC_NO_COMMON_BLOCKS = YES;
				GCC_WARN_64_TO_32_BIT_CONVERSION = YES;
				GCC_WARN_ABOUT_RETURN_TYPE = YES_ERROR;
				GCC_WARN_UNDECLARED_SELECTOR = YES;
				GCC_WARN_UNINITIALIZED_AUTOS = YES_AGGRESSIVE;
				GCC_WARN_UNUSED_FUNCTION = YES;
				GCC_WARN_UNUSED_VARIABLE = YES;
				IPHONEOS_DEPLOYMENT_TARGET = 10.2;
				MTL_ENABLE_DEBUG_INFO = NO;
				SDKROOT = iphoneos;
				SWIFT_OPTIMIZATION_LEVEL = "-Owholemodule";
				VALIDATE_PRODUCT = YES;
			};
			name = Release;
		};
		62D50D811E7D04DF002B88BA /* Debug */ = {
			isa = XCBuildConfiguration;
			baseConfigurationReference = C615B89E05262E4D78E446AA /* Pods-pokedex3.debug.xcconfig */;
			buildSettings = {
				ASSETCATALOG_COMPILER_APPICON_NAME = AppIcon;
				DEVELOPMENT_TEAM = 5ZR8E9ADDM;
				INFOPLIST_FILE = pokedex3/Info.plist;
				LD_RUNPATH_SEARCH_PATHS = "$(inherited) @executable_path/Frameworks";
				PRODUCT_BUNDLE_IDENTIFIER = com.AffinityforApps.pokedex3;
				PRODUCT_NAME = "$(TARGET_NAME)";
				SWIFT_VERSION = 3.0;
			};
			name = Debug;
		};
		62D50D821E7D04DF002B88BA /* Release */ = {
			isa = XCBuildConfiguration;
			baseConfigurationReference = DAF8146AF7B1C9E4BC5F0BA3 /* Pods-pokedex3.release.xcconfig */;
			buildSettings = {
				ASSETCATALOG_COMPILER_APPICON_NAME = AppIcon;
				DEVELOPMENT_TEAM = 5ZR8E9ADDM;
				INFOPLIST_FILE = pokedex3/Info.plist;
				LD_RUNPATH_SEARCH_PATHS = "$(inherited) @executable_path/Frameworks";
				PRODUCT_BUNDLE_IDENTIFIER = com.AffinityforApps.pokedex3;
				PRODUCT_NAME = "$(TARGET_NAME)";
				SWIFT_VERSION = 3.0;
			};
			name = Release;
		};
/* End XCBuildConfiguration section */

/* Begin XCConfigurationList section */
		62D50D691E7D04DE002B88BA /* Build configuration list for PBXProject "pokedex3" */ = {
			isa = XCConfigurationList;
			buildConfigurations = (
				62D50D7E1E7D04DF002B88BA /* Debug */,
				62D50D7F1E7D04DF002B88BA /* Release */,
			);
			defaultConfigurationIsVisible = 0;
			defaultConfigurationName = Release;
		};
		62D50D801E7D04DF002B88BA /* Build configuration list for PBXNativeTarget "pokedex3" */ = {
			isa = XCConfigurationList;
			buildConfigurations = (
				62D50D811E7D04DF002B88BA /* Debug */,
				62D50D821E7D04DF002B88BA /* Release */,
			);
			defaultConfigurationIsVisible = 0;
			defaultConfigurationName = Release;
		};
/* End XCConfigurationList section */
	};
	rootObject = 62D50D661E7D04DE002B88BA /* Project object */;
}
